
Microsoft Visual Studio Solution File, Format Version 12.00
# Visual Studio 2013
VisualStudioVersion = 12.0.21005.1
MinimumVisualStudioVersion = 10.0.40219.1
Project("{FAE04EC0-301F-11D3-BF4B-00C04F79EFBC}") = "ThinkingHome.TestConsole", "ThinkingHome.TestConsole\ThinkingHome.TestConsole.csproj", "{B217FD52-EB6D-4B2B-ADD8-9842B00E65D3}"
EndProject
Project("{2150E333-8FDC-42A3-9474-1A3956D46DE8}") = "Plugins", "Plugins", "{532EA930-A6CB-45B1-9203-F9CA087470FC}"
EndProject
Project("{FAE04EC0-301F-11D3-BF4B-00C04F79EFBC}") = "ThinkingHome.Plugins.Timer", "ThinkingHome.Plugins.Timer\ThinkingHome.Plugins.Timer.csproj", "{BF7BA7FA-7BDA-40A8-8B1E-BC70FE9B791E}"
EndProject
Project("{FAE04EC0-301F-11D3-BF4B-00C04F79EFBC}") = "ThinkingHome.Plugins.Listener", "ThinkingHome.Plugins.Listener\ThinkingHome.Plugins.Listener.csproj", "{DB321A2C-FF9C-48EF-80CF-D356A5D5F3A8}"
EndProject
Project("{FAE04EC0-301F-11D3-BF4B-00C04F79EFBC}") = "ThinkingHome.Plugins.NooLite", "ThinkingHome.Plugins.NooLite\ThinkingHome.Plugins.NooLite.csproj", "{DB949272-D96E-4DFC-9305-0DFC0DEACEF6}"
EndProject
Project("{2150E333-8FDC-42A3-9474-1A3956D46DE8}") = "Solution Items", "Solution Items", "{45878649-C27C-49C2-9213-D4772A0005BC}"
	ProjectSection(SolutionItems) = preProject
		AssemblyInfo.cs = AssemblyInfo.cs
		home.sdf = home.sdf
		License.rtf = License.rtf
		readme.txt = readme.txt
		scheme.svg = scheme.svg
		todo.txt = todo.txt
	EndProjectSection
EndProject
Project("{FAE04EC0-301F-11D3-BF4B-00C04F79EFBC}") = "ThinkingHome.Plugins.Scripts", "ThinkingHome.Plugins.Scripts\ThinkingHome.Plugins.Scripts.csproj", "{5DBB0362-36D7-49E8-9277-B212E3585E4B}"
EndProject
Project("{FAE04EC0-301F-11D3-BF4B-00C04F79EFBC}") = "ThinkingHome.Core.Plugins", "ThinkingHome.Core.Plugins\ThinkingHome.Core.Plugins.csproj", "{A344C63B-B956-4781-8558-0A3846C840E3}"
EndProject
Project("{FAE04EC0-301F-11D3-BF4B-00C04F79EFBC}") = "ThinkingHome.Core.Infrastructure", "ThinkingHome.Core.Infrastructure\ThinkingHome.Core.Infrastructure.csproj", "{5D42730B-AC5B-4810-BE95-6E9E9075D2F2}"
EndProject
Project("{FAE04EC0-301F-11D3-BF4B-00C04F79EFBC}") = "ThinkingHome.Plugins.Packages", "ThinkingHome.Plugins.Packages\ThinkingHome.Plugins.Packages.csproj", "{4D80751B-0A3C-40A4-8A41-1EB688998C7E}"
EndProject
Project("{2150E333-8FDC-42A3-9474-1A3956D46DE8}") = "Setup", "Setup", "{3AF935D8-BB2A-4C12-8136-7151E294B49F}"
	ProjectSection(SolutionItems) = preProject
		Setup\build-installer\main.build = Setup\build-installer\main.build
	EndProjectSection
EndProject
Project("{930C7802-8A8C-48F9-8165-68863BCCD9DD}") = "ThinkingHome.Service.Setup", "Setup\ThinkingHome.Service.Setup\ThinkingHome.Service.Setup.wixproj", "{39F23985-023C-472E-A1D1-9D5908C14358}"
EndProject
Project("{FAE04EC0-301F-11D3-BF4B-00C04F79EFBC}") = "ThinkingHome.Service", "ThinkingHome.Service\ThinkingHome.Service.csproj", "{59E5C28C-486E-438B-8F04-C83F0315CD5F}"
EndProject
Project("{2150E333-8FDC-42A3-9474-1A3956D46DE8}") = ".nuget", ".nuget", "{90441DF3-2D18-4212-90D8-4561147B4990}"
	ProjectSection(SolutionItems) = preProject
		.nuget\NuGet.Config = .nuget\NuGet.Config
		.nuget\NuGet.exe = .nuget\NuGet.exe
		.nuget\NuGet.targets = .nuget\NuGet.targets
	EndProjectSection
EndProject
Project("{FAE04EC0-301F-11D3-BF4B-00C04F79EFBC}") = "ThinkingHome.Plugins.Speech", "ThinkingHome.Plugins.Speech\ThinkingHome.Plugins.Speech.csproj", "{ACCD1E91-EA1F-4FAB-BC3B-66DC5F735D32}"
EndProject
Project("{FAE04EC0-301F-11D3-BF4B-00C04F79EFBC}") = "ThinkingHome.Plugins.Tmp", "ThinkingHome.Plugins.Tmp\ThinkingHome.Plugins.Tmp.csproj", "{A2E168E7-6E3B-411E-A6D6-F2BE242689B5}"
EndProject
Project("{FAE04EC0-301F-11D3-BF4B-00C04F79EFBC}") = "ThinkingHome.Plugins.WebUI", "ThinkingHome.Plugins.WebUI\ThinkingHome.Plugins.WebUI.csproj", "{5A1778F2-F2DD-4D46-89FD-83864CA6D1A0}"
EndProject
Project("{FAE04EC0-301F-11D3-BF4B-00C04F79EFBC}") = "ThinkingHome.Plugins.AlarmClock", "ThinkingHome.Plugins.AlarmClock\ThinkingHome.Plugins.AlarmClock.csproj", "{4D6F1367-9088-4C58-BB59-48BC4CCF90C4}"
EndProject
Project("{FAE04EC0-301F-11D3-BF4B-00C04F79EFBC}") = "ThinkingHome.Plugins.Weather", "ThinkingHome.Plugins.Weather\ThinkingHome.Plugins.Weather.csproj", "{8338CDF2-6C1B-4A42-8944-02CD96426148}"
EndProject
Project("{FAE04EC0-301F-11D3-BF4B-00C04F79EFBC}") = "ThinkingHome.Plugins.Audio", "ThinkingHome.Plugins.Audio\ThinkingHome.Plugins.Audio.csproj", "{D06C8A06-A98D-4FF8-8BCE-697F27BF17DF}"
EndProject
Project("{2150E333-8FDC-42A3-9474-1A3956D46DE8}") = "dev-nuspec", "dev-nuspec", "{A18478AD-DE62-4630-BC40-E0522D34A66D}"
	ProjectSection(SolutionItems) = preProject
		Setup\dev-nuspec\ThinkingHome.Core.Plugins.nuspec = Setup\dev-nuspec\ThinkingHome.Core.Plugins.nuspec
		Setup\dev-nuspec\ThinkingHome.Plugins.Audio.nuspec = Setup\dev-nuspec\ThinkingHome.Plugins.Audio.nuspec
		Setup\dev-nuspec\ThinkingHome.Plugins.Listener.nuspec = Setup\dev-nuspec\ThinkingHome.Plugins.Listener.nuspec
		Setup\dev-nuspec\ThinkingHome.Plugins.NooLite.nuspec = Setup\dev-nuspec\ThinkingHome.Plugins.NooLite.nuspec
		Setup\dev-nuspec\ThinkingHome.Plugins.Scripts.nuspec = Setup\dev-nuspec\ThinkingHome.Plugins.Scripts.nuspec
		Setup\dev-nuspec\ThinkingHome.Plugins.Timer.nuspec = Setup\dev-nuspec\ThinkingHome.Plugins.Timer.nuspec
		Setup\dev-nuspec\ThinkingHome.Plugins.WebUI.nuspec = Setup\dev-nuspec\ThinkingHome.Plugins.WebUI.nuspec
	EndProjectSection
EndProject
Project("{FAE04EC0-301F-11D3-BF4B-00C04F79EFBC}") = "ThinkingHome.Plugins.OneWire", "ThinkingHome.Plugins.OneWire\ThinkingHome.Plugins.OneWire.csproj", "{FDEC6C64-D643-4CE1-BA7A-CEF4FE7E97B8}"
EndProject
Project("{FAE04EC0-301F-11D3-BF4B-00C04F79EFBC}") = "ThinkingHome.Plugins.Microclimate", "ThinkingHome.Plugins.Microclimate\ThinkingHome.Plugins.Microclimate.csproj", "{0C26CED7-240C-4D89-99F7-2EABCB1913DE}"
EndProject
Project("{2150E333-8FDC-42A3-9474-1A3956D46DE8}") = "jslibs", "jslibs", "{EDA7C1DE-E15C-4139-9DE4-11EEC797CD3F}"
	ProjectSection(SolutionItems) = preProject
		jslibs\chart.js = jslibs\chart.js
		jslibs\chart.min.js = jslibs\chart.min.js
		jslibs\chart.min.js.map = jslibs\chart.min.js.map
		jslibs\chart.scatter.js = jslibs\chart.scatter.js
		jslibs\chart.scatter.min.js = jslibs\chart.scatter.min.js
		jslibs\chart.scatter.min.js.map = jslibs\chart.scatter.min.js.map
	EndProjectSection
EndProject
Project("{FAE04EC0-301F-11D3-BF4B-00C04F79EFBC}") = "ThinkingHome.Plugins.Mqtt", "ThinkingHome.Plugins.Mqtt\ThinkingHome.Plugins.Mqtt.csproj", "{60AB3954-7BD0-40A2-AA74-C0E1D815D780}"
EndProject
Project("{FAE04EC0-301F-11D3-BF4B-00C04F79EFBC}") = "ThinkingHome.Plugins.UniUI", "ThinkingHome.Plugins.UniUI\ThinkingHome.Plugins.UniUI.csproj", "{5B191430-85F0-423A-A60E-8F171AE73D5C}"
EndProject
Project("{FAE04EC0-301F-11D3-BF4B-00C04F79EFBC}") = "ThinkingHome.Plugins.NooUI", "ThinkingHome.Plugins.NooUI\ThinkingHome.Plugins.NooUI.csproj", "{57001846-873E-4996-A74D-56AA1F7DDD0F}"
EndProject
Global
	GlobalSection(SolutionConfigurationPlatforms) = preSolution
		Debug|Any CPU = Debug|Any CPU
		Debug|Mixed Platforms = Debug|Mixed Platforms
		Debug|x86 = Debug|x86
		Release|Any CPU = Release|Any CPU
		Release|Mixed Platforms = Release|Mixed Platforms
		Release|x86 = Release|x86
	EndGlobalSection
	GlobalSection(ProjectConfigurationPlatforms) = postSolution
		{B217FD52-EB6D-4B2B-ADD8-9842B00E65D3}.Debug|Any CPU.ActiveCfg = Debug|Any CPU
		{B217FD52-EB6D-4B2B-ADD8-9842B00E65D3}.Debug|Any CPU.Build.0 = Debug|Any CPU
		{B217FD52-EB6D-4B2B-ADD8-9842B00E65D3}.Debug|Mixed Platforms.ActiveCfg = Debug|Any CPU
		{B217FD52-EB6D-4B2B-ADD8-9842B00E65D3}.Debug|Mixed Platforms.Build.0 = Debug|Any CPU
		{B217FD52-EB6D-4B2B-ADD8-9842B00E65D3}.Debug|x86.ActiveCfg = Debug|Any CPU
		{B217FD52-EB6D-4B2B-ADD8-9842B00E65D3}.Release|Any CPU.ActiveCfg = Release|Any CPU
		{B217FD52-EB6D-4B2B-ADD8-9842B00E65D3}.Release|Any CPU.Build.0 = Release|Any CPU
		{B217FD52-EB6D-4B2B-ADD8-9842B00E65D3}.Release|Mixed Platforms.ActiveCfg = Release|Any CPU
		{B217FD52-EB6D-4B2B-ADD8-9842B00E65D3}.Release|Mixed Platforms.Build.0 = Release|Any CPU
		{B217FD52-EB6D-4B2B-ADD8-9842B00E65D3}.Release|x86.ActiveCfg = Release|Any CPU
		{BF7BA7FA-7BDA-40A8-8B1E-BC70FE9B791E}.Debug|Any CPU.ActiveCfg = Debug|Any CPU
		{BF7BA7FA-7BDA-40A8-8B1E-BC70FE9B791E}.Debug|Any CPU.Build.0 = Debug|Any CPU
		{BF7BA7FA-7BDA-40A8-8B1E-BC70FE9B791E}.Debug|Mixed Platforms.ActiveCfg = Debug|Any CPU
		{BF7BA7FA-7BDA-40A8-8B1E-BC70FE9B791E}.Debug|Mixed Platforms.Build.0 = Debug|Any CPU
		{BF7BA7FA-7BDA-40A8-8B1E-BC70FE9B791E}.Debug|x86.ActiveCfg = Debug|Any CPU
		{BF7BA7FA-7BDA-40A8-8B1E-BC70FE9B791E}.Release|Any CPU.ActiveCfg = Release|Any CPU
		{BF7BA7FA-7BDA-40A8-8B1E-BC70FE9B791E}.Release|Any CPU.Build.0 = Release|Any CPU
		{BF7BA7FA-7BDA-40A8-8B1E-BC70FE9B791E}.Release|Mixed Platforms.ActiveCfg = Release|Any CPU
		{BF7BA7FA-7BDA-40A8-8B1E-BC70FE9B791E}.Release|Mixed Platforms.Build.0 = Release|Any CPU
		{BF7BA7FA-7BDA-40A8-8B1E-BC70FE9B791E}.Release|x86.ActiveCfg = Release|Any CPU
		{DB321A2C-FF9C-48EF-80CF-D356A5D5F3A8}.Debug|Any CPU.ActiveCfg = Debug|Any CPU
		{DB321A2C-FF9C-48EF-80CF-D356A5D5F3A8}.Debug|Any CPU.Build.0 = Debug|Any CPU
		{DB321A2C-FF9C-48EF-80CF-D356A5D5F3A8}.Debug|Mixed Platforms.ActiveCfg = Debug|Any CPU
		{DB321A2C-FF9C-48EF-80CF-D356A5D5F3A8}.Debug|Mixed Platforms.Build.0 = Debug|Any CPU
		{DB321A2C-FF9C-48EF-80CF-D356A5D5F3A8}.Debug|x86.ActiveCfg = Debug|Any CPU
		{DB321A2C-FF9C-48EF-80CF-D356A5D5F3A8}.Release|Any CPU.ActiveCfg = Release|Any CPU
		{DB321A2C-FF9C-48EF-80CF-D356A5D5F3A8}.Release|Any CPU.Build.0 = Release|Any CPU
		{DB321A2C-FF9C-48EF-80CF-D356A5D5F3A8}.Release|Mixed Platforms.ActiveCfg = Release|Any CPU
		{DB321A2C-FF9C-48EF-80CF-D356A5D5F3A8}.Release|Mixed Platforms.Build.0 = Release|Any CPU
		{DB321A2C-FF9C-48EF-80CF-D356A5D5F3A8}.Release|x86.ActiveCfg = Release|Any CPU
		{DB949272-D96E-4DFC-9305-0DFC0DEACEF6}.Debug|Any CPU.ActiveCfg = Debug|Any CPU
		{DB949272-D96E-4DFC-9305-0DFC0DEACEF6}.Debug|Any CPU.Build.0 = Debug|Any CPU
		{DB949272-D96E-4DFC-9305-0DFC0DEACEF6}.Debug|Mixed Platforms.ActiveCfg = Debug|Any CPU
		{DB949272-D96E-4DFC-9305-0DFC0DEACEF6}.Debug|Mixed Platforms.Build.0 = Debug|Any CPU
		{DB949272-D96E-4DFC-9305-0DFC0DEACEF6}.Debug|x86.ActiveCfg = Debug|Any CPU
		{DB949272-D96E-4DFC-9305-0DFC0DEACEF6}.Release|Any CPU.ActiveCfg = Release|Any CPU
		{DB949272-D96E-4DFC-9305-0DFC0DEACEF6}.Release|Any CPU.Build.0 = Release|Any CPU
		{DB949272-D96E-4DFC-9305-0DFC0DEACEF6}.Release|Mixed Platforms.ActiveCfg = Release|Any CPU
		{DB949272-D96E-4DFC-9305-0DFC0DEACEF6}.Release|Mixed Platforms.Build.0 = Release|Any CPU
		{DB949272-D96E-4DFC-9305-0DFC0DEACEF6}.Release|x86.ActiveCfg = Release|Any CPU
		{5DBB0362-36D7-49E8-9277-B212E3585E4B}.Debug|Any CPU.ActiveCfg = Debug|Any CPU
		{5DBB0362-36D7-49E8-9277-B212E3585E4B}.Debug|Any CPU.Build.0 = Debug|Any CPU
		{5DBB0362-36D7-49E8-9277-B212E3585E4B}.Debug|Mixed Platforms.ActiveCfg = Debug|Any CPU
		{5DBB0362-36D7-49E8-9277-B212E3585E4B}.Debug|Mixed Platforms.Build.0 = Debug|Any CPU
		{5DBB0362-36D7-49E8-9277-B212E3585E4B}.Debug|x86.ActiveCfg = Debug|Any CPU
		{5DBB0362-36D7-49E8-9277-B212E3585E4B}.Release|Any CPU.ActiveCfg = Release|Any CPU
		{5DBB0362-36D7-49E8-9277-B212E3585E4B}.Release|Any CPU.Build.0 = Release|Any CPU
		{5DBB0362-36D7-49E8-9277-B212E3585E4B}.Release|Mixed Platforms.ActiveCfg = Release|Any CPU
		{5DBB0362-36D7-49E8-9277-B212E3585E4B}.Release|Mixed Platforms.Build.0 = Release|Any CPU
		{5DBB0362-36D7-49E8-9277-B212E3585E4B}.Release|x86.ActiveCfg = Release|Any CPU
		{A344C63B-B956-4781-8558-0A3846C840E3}.Debug|Any CPU.ActiveCfg = Debug|Any CPU
		{A344C63B-B956-4781-8558-0A3846C840E3}.Debug|Any CPU.Build.0 = Debug|Any CPU
		{A344C63B-B956-4781-8558-0A3846C840E3}.Debug|Mixed Platforms.ActiveCfg = Debug|Any CPU
		{A344C63B-B956-4781-8558-0A3846C840E3}.Debug|Mixed Platforms.Build.0 = Debug|Any CPU
		{A344C63B-B956-4781-8558-0A3846C840E3}.Debug|x86.ActiveCfg = Debug|Any CPU
		{A344C63B-B956-4781-8558-0A3846C840E3}.Release|Any CPU.ActiveCfg = Release|Any CPU
		{A344C63B-B956-4781-8558-0A3846C840E3}.Release|Any CPU.Build.0 = Release|Any CPU
		{A344C63B-B956-4781-8558-0A3846C840E3}.Release|Mixed Platforms.ActiveCfg = Release|Any CPU
		{A344C63B-B956-4781-8558-0A3846C840E3}.Release|Mixed Platforms.Build.0 = Release|Any CPU
		{A344C63B-B956-4781-8558-0A3846C840E3}.Release|x86.ActiveCfg = Release|Any CPU
		{5D42730B-AC5B-4810-BE95-6E9E9075D2F2}.Debug|Any CPU.ActiveCfg = Debug|Any CPU
		{5D42730B-AC5B-4810-BE95-6E9E9075D2F2}.Debug|Any CPU.Build.0 = Debug|Any CPU
		{5D42730B-AC5B-4810-BE95-6E9E9075D2F2}.Debug|Mixed Platforms.ActiveCfg = Debug|Any CPU
		{5D42730B-AC5B-4810-BE95-6E9E9075D2F2}.Debug|Mixed Platforms.Build.0 = Debug|Any CPU
		{5D42730B-AC5B-4810-BE95-6E9E9075D2F2}.Debug|x86.ActiveCfg = Debug|Any CPU
		{5D42730B-AC5B-4810-BE95-6E9E9075D2F2}.Release|Any CPU.ActiveCfg = Release|Any CPU
		{5D42730B-AC5B-4810-BE95-6E9E9075D2F2}.Release|Any CPU.Build.0 = Release|Any CPU
		{5D42730B-AC5B-4810-BE95-6E9E9075D2F2}.Release|Mixed Platforms.ActiveCfg = Release|Any CPU
		{5D42730B-AC5B-4810-BE95-6E9E9075D2F2}.Release|Mixed Platforms.Build.0 = Release|Any CPU
		{5D42730B-AC5B-4810-BE95-6E9E9075D2F2}.Release|x86.ActiveCfg = Release|Any CPU
		{4D80751B-0A3C-40A4-8A41-1EB688998C7E}.Debug|Any CPU.ActiveCfg = Debug|Any CPU
		{4D80751B-0A3C-40A4-8A41-1EB688998C7E}.Debug|Any CPU.Build.0 = Debug|Any CPU
		{4D80751B-0A3C-40A4-8A41-1EB688998C7E}.Debug|Mixed Platforms.ActiveCfg = Debug|Any CPU
		{4D80751B-0A3C-40A4-8A41-1EB688998C7E}.Debug|Mixed Platforms.Build.0 = Debug|Any CPU
		{4D80751B-0A3C-40A4-8A41-1EB688998C7E}.Debug|x86.ActiveCfg = Debug|Any CPU
		{4D80751B-0A3C-40A4-8A41-1EB688998C7E}.Release|Any CPU.ActiveCfg = Release|Any CPU
		{4D80751B-0A3C-40A4-8A41-1EB688998C7E}.Release|Any CPU.Build.0 = Release|Any CPU
		{4D80751B-0A3C-40A4-8A41-1EB688998C7E}.Release|Mixed Platforms.ActiveCfg = Release|Any CPU
		{4D80751B-0A3C-40A4-8A41-1EB688998C7E}.Release|Mixed Platforms.Build.0 = Release|Any CPU
		{4D80751B-0A3C-40A4-8A41-1EB688998C7E}.Release|x86.ActiveCfg = Release|Any CPU
		{39F23985-023C-472E-A1D1-9D5908C14358}.Debug|Any CPU.ActiveCfg = Debug|x86
		{39F23985-023C-472E-A1D1-9D5908C14358}.Debug|Mixed Platforms.ActiveCfg = Debug|x86
		{39F23985-023C-472E-A1D1-9D5908C14358}.Debug|Mixed Platforms.Build.0 = Debug|x86
		{39F23985-023C-472E-A1D1-9D5908C14358}.Debug|x86.ActiveCfg = Debug|x86
		{39F23985-023C-472E-A1D1-9D5908C14358}.Debug|x86.Build.0 = Debug|x86
		{39F23985-023C-472E-A1D1-9D5908C14358}.Release|Any CPU.ActiveCfg = Release|x86
		{39F23985-023C-472E-A1D1-9D5908C14358}.Release|Mixed Platforms.ActiveCfg = Release|x86
		{39F23985-023C-472E-A1D1-9D5908C14358}.Release|Mixed Platforms.Build.0 = Release|x86
		{39F23985-023C-472E-A1D1-9D5908C14358}.Release|x86.ActiveCfg = Release|x86
		{39F23985-023C-472E-A1D1-9D5908C14358}.Release|x86.Build.0 = Release|x86
		{59E5C28C-486E-438B-8F04-C83F0315CD5F}.Debug|Any CPU.ActiveCfg = Debug|Any CPU
		{59E5C28C-486E-438B-8F04-C83F0315CD5F}.Debug|Any CPU.Build.0 = Debug|Any CPU
		{59E5C28C-486E-438B-8F04-C83F0315CD5F}.Debug|Mixed Platforms.ActiveCfg = Debug|Any CPU
		{59E5C28C-486E-438B-8F04-C83F0315CD5F}.Debug|Mixed Platforms.Build.0 = Debug|Any CPU
		{59E5C28C-486E-438B-8F04-C83F0315CD5F}.Debug|x86.ActiveCfg = Debug|Any CPU
		{59E5C28C-486E-438B-8F04-C83F0315CD5F}.Release|Any CPU.ActiveCfg = Release|Any CPU
		{59E5C28C-486E-438B-8F04-C83F0315CD5F}.Release|Any CPU.Build.0 = Release|Any CPU
		{59E5C28C-486E-438B-8F04-C83F0315CD5F}.Release|Mixed Platforms.ActiveCfg = Release|Any CPU
		{59E5C28C-486E-438B-8F04-C83F0315CD5F}.Release|Mixed Platforms.Build.0 = Release|Any CPU
		{59E5C28C-486E-438B-8F04-C83F0315CD5F}.Release|x86.ActiveCfg = Release|Any CPU
		{ACCD1E91-EA1F-4FAB-BC3B-66DC5F735D32}.Debug|Any CPU.ActiveCfg = Debug|Any CPU
		{ACCD1E91-EA1F-4FAB-BC3B-66DC5F735D32}.Debug|Any CPU.Build.0 = Debug|Any CPU
		{ACCD1E91-EA1F-4FAB-BC3B-66DC5F735D32}.Debug|Mixed Platforms.ActiveCfg = Debug|Any CPU
		{ACCD1E91-EA1F-4FAB-BC3B-66DC5F735D32}.Debug|x86.ActiveCfg = Debug|Any CPU
		{ACCD1E91-EA1F-4FAB-BC3B-66DC5F735D32}.Release|Any CPU.ActiveCfg = Release|Any CPU
		{ACCD1E91-EA1F-4FAB-BC3B-66DC5F735D32}.Release|Any CPU.Build.0 = Release|Any CPU
		{ACCD1E91-EA1F-4FAB-BC3B-66DC5F735D32}.Release|Mixed Platforms.ActiveCfg = Release|Any CPU
		{ACCD1E91-EA1F-4FAB-BC3B-66DC5F735D32}.Release|x86.ActiveCfg = Release|Any CPU
		{A2E168E7-6E3B-411E-A6D6-F2BE242689B5}.Debug|Any CPU.ActiveCfg = Debug|Any CPU
		{A2E168E7-6E3B-411E-A6D6-F2BE242689B5}.Debug|Any CPU.Build.0 = Debug|Any CPU
		{A2E168E7-6E3B-411E-A6D6-F2BE242689B5}.Debug|Mixed Platforms.ActiveCfg = Debug|Any CPU
		{A2E168E7-6E3B-411E-A6D6-F2BE242689B5}.Debug|Mixed Platforms.Build.0 = Debug|Any CPU
		{A2E168E7-6E3B-411E-A6D6-F2BE242689B5}.Debug|x86.ActiveCfg = Debug|Any CPU
		{A2E168E7-6E3B-411E-A6D6-F2BE242689B5}.Release|Any CPU.ActiveCfg = Release|Any CPU
		{A2E168E7-6E3B-411E-A6D6-F2BE242689B5}.Release|Any CPU.Build.0 = Release|Any CPU
		{A2E168E7-6E3B-411E-A6D6-F2BE242689B5}.Release|Mixed Platforms.ActiveCfg = Release|Any CPU
		{A2E168E7-6E3B-411E-A6D6-F2BE242689B5}.Release|Mixed Platforms.Build.0 = Release|Any CPU
		{A2E168E7-6E3B-411E-A6D6-F2BE242689B5}.Release|x86.ActiveCfg = Release|Any CPU
		{5A1778F2-F2DD-4D46-89FD-83864CA6D1A0}.Debug|Any CPU.ActiveCfg = Debug|Any CPU
		{5A1778F2-F2DD-4D46-89FD-83864CA6D1A0}.Debug|Any CPU.Build.0 = Debug|Any CPU
		{5A1778F2-F2DD-4D46-89FD-83864CA6D1A0}.Debug|Mixed Platforms.ActiveCfg = Debug|Any CPU
		{5A1778F2-F2DD-4D46-89FD-83864CA6D1A0}.Debug|Mixed Platforms.Build.0 = Debug|Any CPU
		{5A1778F2-F2DD-4D46-89FD-83864CA6D1A0}.Debug|x86.ActiveCfg = Debug|Any CPU
		{5A1778F2-F2DD-4D46-89FD-83864CA6D1A0}.Release|Any CPU.ActiveCfg = Release|Any CPU
		{5A1778F2-F2DD-4D46-89FD-83864CA6D1A0}.Release|Any CPU.Build.0 = Release|Any CPU
		{5A1778F2-F2DD-4D46-89FD-83864CA6D1A0}.Release|Mixed Platforms.ActiveCfg = Release|Any CPU
		{5A1778F2-F2DD-4D46-89FD-83864CA6D1A0}.Release|Mixed Platforms.Build.0 = Release|Any CPU
		{5A1778F2-F2DD-4D46-89FD-83864CA6D1A0}.Release|x86.ActiveCfg = Release|Any CPU
		{4D6F1367-9088-4C58-BB59-48BC4CCF90C4}.Debug|Any CPU.ActiveCfg = Debug|Any CPU
		{4D6F1367-9088-4C58-BB59-48BC4CCF90C4}.Debug|Any CPU.Build.0 = Debug|Any CPU
		{4D6F1367-9088-4C58-BB59-48BC4CCF90C4}.Debug|Mixed Platforms.ActiveCfg = Debug|Any CPU
		{4D6F1367-9088-4C58-BB59-48BC4CCF90C4}.Debug|Mixed Platforms.Build.0 = Debug|Any CPU
		{4D6F1367-9088-4C58-BB59-48BC4CCF90C4}.Debug|x86.ActiveCfg = Debug|Any CPU
		{4D6F1367-9088-4C58-BB59-48BC4CCF90C4}.Release|Any CPU.ActiveCfg = Release|Any CPU
		{4D6F1367-9088-4C58-BB59-48BC4CCF90C4}.Release|Any CPU.Build.0 = Release|Any CPU
		{4D6F1367-9088-4C58-BB59-48BC4CCF90C4}.Release|Mixed Platforms.ActiveCfg = Release|Any CPU
		{4D6F1367-9088-4C58-BB59-48BC4CCF90C4}.Release|Mixed Platforms.Build.0 = Release|Any CPU
		{4D6F1367-9088-4C58-BB59-48BC4CCF90C4}.Release|x86.ActiveCfg = Release|Any CPU
		{8338CDF2-6C1B-4A42-8944-02CD96426148}.Debug|Any CPU.ActiveCfg = Debug|Any CPU
		{8338CDF2-6C1B-4A42-8944-02CD96426148}.Debug|Any CPU.Build.0 = Debug|Any CPU
		{8338CDF2-6C1B-4A42-8944-02CD96426148}.Debug|Mixed Platforms.ActiveCfg = Debug|Any CPU
		{8338CDF2-6C1B-4A42-8944-02CD96426148}.Debug|Mixed Platforms.Build.0 = Debug|Any CPU
		{8338CDF2-6C1B-4A42-8944-02CD96426148}.Debug|x86.ActiveCfg = Debug|Any CPU
		{8338CDF2-6C1B-4A42-8944-02CD96426148}.Release|Any CPU.ActiveCfg = Release|Any CPU
		{8338CDF2-6C1B-4A42-8944-02CD96426148}.Release|Any CPU.Build.0 = Release|Any CPU
		{8338CDF2-6C1B-4A42-8944-02CD96426148}.Release|Mixed Platforms.ActiveCfg = Release|Any CPU
		{8338CDF2-6C1B-4A42-8944-02CD96426148}.Release|Mixed Platforms.Build.0 = Release|Any CPU
		{8338CDF2-6C1B-4A42-8944-02CD96426148}.Release|x86.ActiveCfg = Release|Any CPU
		{D06C8A06-A98D-4FF8-8BCE-697F27BF17DF}.Debug|Any CPU.ActiveCfg = Debug|Any CPU
		{D06C8A06-A98D-4FF8-8BCE-697F27BF17DF}.Debug|Any CPU.Build.0 = Debug|Any CPU
		{D06C8A06-A98D-4FF8-8BCE-697F27BF17DF}.Debug|Mixed Platforms.ActiveCfg = Debug|Any CPU
		{D06C8A06-A98D-4FF8-8BCE-697F27BF17DF}.Debug|Mixed Platforms.Build.0 = Debug|Any CPU
		{D06C8A06-A98D-4FF8-8BCE-697F27BF17DF}.Debug|x86.ActiveCfg = Debug|Any CPU
		{D06C8A06-A98D-4FF8-8BCE-697F27BF17DF}.Release|Any CPU.ActiveCfg = Release|Any CPU
		{D06C8A06-A98D-4FF8-8BCE-697F27BF17DF}.Release|Any CPU.Build.0 = Release|Any CPU
		{D06C8A06-A98D-4FF8-8BCE-697F27BF17DF}.Release|Mixed Platforms.ActiveCfg = Release|Any CPU
		{D06C8A06-A98D-4FF8-8BCE-697F27BF17DF}.Release|Mixed Platforms.Build.0 = Release|Any CPU
		{D06C8A06-A98D-4FF8-8BCE-697F27BF17DF}.Release|x86.ActiveCfg = Release|Any CPU
		{FDEC6C64-D643-4CE1-BA7A-CEF4FE7E97B8}.Debug|Any CPU.ActiveCfg = Debug|Any CPU
		{FDEC6C64-D643-4CE1-BA7A-CEF4FE7E97B8}.Debug|Any CPU.Build.0 = Debug|Any CPU
		{FDEC6C64-D643-4CE1-BA7A-CEF4FE7E97B8}.Debug|Mixed Platforms.ActiveCfg = Debug|Any CPU
		{FDEC6C64-D643-4CE1-BA7A-CEF4FE7E97B8}.Debug|x86.ActiveCfg = Debug|Any CPU
		{FDEC6C64-D643-4CE1-BA7A-CEF4FE7E97B8}.Release|Any CPU.ActiveCfg = Release|Any CPU
		{FDEC6C64-D643-4CE1-BA7A-CEF4FE7E97B8}.Release|Any CPU.Build.0 = Release|Any CPU
		{FDEC6C64-D643-4CE1-BA7A-CEF4FE7E97B8}.Release|Mixed Platforms.ActiveCfg = Release|Any CPU
		{FDEC6C64-D643-4CE1-BA7A-CEF4FE7E97B8}.Release|x86.ActiveCfg = Release|Any CPU
		{0C26CED7-240C-4D89-99F7-2EABCB1913DE}.Debug|Any CPU.ActiveCfg = Debug|Any CPU
		{0C26CED7-240C-4D89-99F7-2EABCB1913DE}.Debug|Any CPU.Build.0 = Debug|Any CPU
		{0C26CED7-240C-4D89-99F7-2EABCB1913DE}.Debug|Mixed Platforms.ActiveCfg = Debug|Any CPU
		{0C26CED7-240C-4D89-99F7-2EABCB1913DE}.Debug|Mixed Platforms.Build.0 = Debug|Any CPU
		{0C26CED7-240C-4D89-99F7-2EABCB1913DE}.Debug|x86.ActiveCfg = Debug|Any CPU
		{0C26CED7-240C-4D89-99F7-2EABCB1913DE}.Release|Any CPU.ActiveCfg = Release|Any CPU
		{0C26CED7-240C-4D89-99F7-2EABCB1913DE}.Release|Any CPU.Build.0 = Release|Any CPU
		{0C26CED7-240C-4D89-99F7-2EABCB1913DE}.Release|Mixed Platforms.ActiveCfg = Release|Any CPU
		{0C26CED7-240C-4D89-99F7-2EABCB1913DE}.Release|Mixed Platforms.Build.0 = Release|Any CPU
		{0C26CED7-240C-4D89-99F7-2EABCB1913DE}.Release|x86.ActiveCfg = Release|Any CPU
		{60AB3954-7BD0-40A2-AA74-C0E1D815D780}.Debug|Any CPU.ActiveCfg = Debug|Any CPU
		{60AB3954-7BD0-40A2-AA74-C0E1D815D780}.Debug|Any CPU.Build.0 = Debug|Any CPU
		{60AB3954-7BD0-40A2-AA74-C0E1D815D780}.Debug|Mixed Platforms.ActiveCfg = Debug|Any CPU
		{60AB3954-7BD0-40A2-AA74-C0E1D815D780}.Debug|Mixed Platforms.Build.0 = Debug|Any CPU
		{60AB3954-7BD0-40A2-AA74-C0E1D815D780}.Debug|x86.ActiveCfg = Debug|Any CPU
		{60AB3954-7BD0-40A2-AA74-C0E1D815D780}.Release|Any CPU.ActiveCfg = Release|Any CPU
		{60AB3954-7BD0-40A2-AA74-C0E1D815D780}.Release|Any CPU.Build.0 = Release|Any CPU
		{60AB3954-7BD0-40A2-AA74-C0E1D815D780}.Release|Mixed Platforms.ActiveCfg = Release|Any CPU
		{60AB3954-7BD0-40A2-AA74-C0E1D815D780}.Release|Mixed Platforms.Build.0 = Release|Any CPU
		{60AB3954-7BD0-40A2-AA74-C0E1D815D780}.Release|x86.ActiveCfg = Release|Any CPU
		{5B191430-85F0-423A-A60E-8F171AE73D5C}.Debug|Any CPU.ActiveCfg = Debug|Any CPU
		{5B191430-85F0-423A-A60E-8F171AE73D5C}.Debug|Any CPU.Build.0 = Debug|Any CPU
		{5B191430-85F0-423A-A60E-8F171AE73D5C}.Debug|Mixed Platforms.ActiveCfg = Debug|Any CPU
		{5B191430-85F0-423A-A60E-8F171AE73D5C}.Debug|Mixed Platforms.Build.0 = Debug|Any CPU
		{5B191430-85F0-423A-A60E-8F171AE73D5C}.Debug|x86.ActiveCfg = Debug|Any CPU
		{5B191430-85F0-423A-A60E-8F171AE73D5C}.Release|Any CPU.ActiveCfg = Release|Any CPU
		{5B191430-85F0-423A-A60E-8F171AE73D5C}.Release|Any CPU.Build.0 = Release|Any CPU
		{5B191430-85F0-423A-A60E-8F171AE73D5C}.Release|Mixed Platforms.ActiveCfg = Release|Any CPU
		{5B191430-85F0-423A-A60E-8F171AE73D5C}.Release|Mixed Platforms.Build.0 = Release|Any CPU
		{5B191430-85F0-423A-A60E-8F171AE73D5C}.Release|x86.ActiveCfg = Release|Any CPU
		{57001846-873E-4996-A74D-56AA1F7DDD0F}.Debug|Any CPU.ActiveCfg = Debug|Any CPU
		{57001846-873E-4996-A74D-56AA1F7DDD0F}.Debug|Any CPU.Build.0 = Debug|Any CPU
		{57001846-873E-4996-A74D-56AA1F7DDD0F}.Debug|Mixed Platforms.ActiveCfg = Debug|Any CPU
		{57001846-873E-4996-A74D-56AA1F7DDD0F}.Debug|Mixed Platforms.Build.0 = Debug|Any CPU
		{57001846-873E-4996-A74D-56AA1F7DDD0F}.Debug|x86.ActiveCfg = Debug|Any CPU
		{57001846-873E-4996-A74D-56AA1F7DDD0F}.Release|Any CPU.ActiveCfg = Release|Any CPU
		{57001846-873E-4996-A74D-56AA1F7DDD0F}.Release|Any CPU.Build.0 = Release|Any CPU
		{57001846-873E-4996-A74D-56AA1F7DDD0F}.Release|Mixed Platforms.ActiveCfg = Release|Any CPU
		{57001846-873E-4996-A74D-56AA1F7DDD0F}.Release|Mixed Platforms.Build.0 = Release|Any CPU
		{57001846-873E-4996-A74D-56AA1F7DDD0F}.Release|x86.ActiveCfg = Release|Any CPU
	EndGlobalSection
	GlobalSection(SolutionProperties) = preSolution
		HideSolutionNode = FALSE
	EndGlobalSection
	GlobalSection(NestedProjects) = preSolution
		{BF7BA7FA-7BDA-40A8-8B1E-BC70FE9B791E} = {532EA930-A6CB-45B1-9203-F9CA087470FC}
		{DB321A2C-FF9C-48EF-80CF-D356A5D5F3A8} = {532EA930-A6CB-45B1-9203-F9CA087470FC}
		{DB949272-D96E-4DFC-9305-0DFC0DEACEF6} = {532EA930-A6CB-45B1-9203-F9CA087470FC}
		{5DBB0362-36D7-49E8-9277-B212E3585E4B} = {532EA930-A6CB-45B1-9203-F9CA087470FC}
		{4D80751B-0A3C-40A4-8A41-1EB688998C7E} = {532EA930-A6CB-45B1-9203-F9CA087470FC}
		{ACCD1E91-EA1F-4FAB-BC3B-66DC5F735D32} = {532EA930-A6CB-45B1-9203-F9CA087470FC}
		{A2E168E7-6E3B-411E-A6D6-F2BE242689B5} = {532EA930-A6CB-45B1-9203-F9CA087470FC}
		{5A1778F2-F2DD-4D46-89FD-83864CA6D1A0} = {532EA930-A6CB-45B1-9203-F9CA087470FC}
		{4D6F1367-9088-4C58-BB59-48BC4CCF90C4} = {532EA930-A6CB-45B1-9203-F9CA087470FC}
		{8338CDF2-6C1B-4A42-8944-02CD96426148} = {532EA930-A6CB-45B1-9203-F9CA087470FC}
		{D06C8A06-A98D-4FF8-8BCE-697F27BF17DF} = {532EA930-A6CB-45B1-9203-F9CA087470FC}
		{FDEC6C64-D643-4CE1-BA7A-CEF4FE7E97B8} = {532EA930-A6CB-45B1-9203-F9CA087470FC}
		{0C26CED7-240C-4D89-99F7-2EABCB1913DE} = {532EA930-A6CB-45B1-9203-F9CA087470FC}
		{60AB3954-7BD0-40A2-AA74-C0E1D815D780} = {532EA930-A6CB-45B1-9203-F9CA087470FC}
		{5B191430-85F0-423A-A60E-8F171AE73D5C} = {532EA930-A6CB-45B1-9203-F9CA087470FC}
		{57001846-873E-4996-A74D-56AA1F7DDD0F} = {532EA930-A6CB-45B1-9203-F9CA087470FC}
		{39F23985-023C-472E-A1D1-9D5908C14358} = {3AF935D8-BB2A-4C12-8136-7151E294B49F}
		{A18478AD-DE62-4630-BC40-E0522D34A66D} = {3AF935D8-BB2A-4C12-8136-7151E294B49F}
	EndGlobalSection
EndGlobal
